{
  "object": {
    "pins": [
      {
        "package": "NativeUIKit",
        "repositoryURL": "https://github.com/ivanvorobei/NativeUIKit",
        "state": {
          "branch": null,
          "revision": "b866a61a4f903cfea5cb548cb66616fad009b1fa",
          "version": "1.1.9"
        }
      },
      {
        "package": "SparrowKit",
        "repositoryURL": "https://github.com/ivanvorobei/SparrowKit",
        "state": {
          "branch": null,
          "revision": "0299f0012d6c3b70acaa7b472c40617787ffa2c5",
          "version": "3.4.6"
        }
      },
      {
        "package": "SPDiffable",
        "repositoryURL": "https://github.com/ivanvorobei/SPDiffable",
        "state": {
          "branch": null,
          "revision": "15827b717a61faf672ca7a92a099cd1eedb9e576",
          "version": "2.2.0"
        }
      },
      {
        "package": "SPPerspective",
        "repositoryURL": "https://github.com/ivanvorobei/SPPerspective",
        "state": {
          "branch": null,
          "revision": "b4a1c588d9f7ec5acc24f1501bd6987d76b5f44c",
          "version": "1.4.0"
        }
      }
    ]
  },
  "version": 1
}
